
Microsoft Visual Studio Solution File, Format Version 12.00
# Visual Studio Version 17
VisualStudioVersion = 17.13.35825.156
MinimumVisualStudioVersion = 10.0.40219.1
Project("{FAE04EC0-301F-11D3-BF4B-00C04F79EFBC}") = "Uc_13_Caua_WebSite", "Uc_13_Caua_WebSite\Uc_13_Caua_WebSite.csproj", "{9BCC4501-8C9B-4216-A320-E24A9D77554E}"
EndProject
Global
	GlobalSection(SolutionConfigurationPlatforms) = preSolution
		Debug|Any CPU = Debug|Any CPU
		Release|Any CPU = Release|Any CPU
	EndGlobalSection
	GlobalSection(ProjectConfigurationPlatforms) = postSolution
		{9BCC4501-8C9B-4216-A320-E24A9D77554E}.Debug|Any CPU.ActiveCfg = Debug|Any CPU
		{9BCC4501-8C9B-4216-A320-E24A9D77554E}.Debug|Any CPU.Build.0 = Debug|Any CPU
		{9BCC4501-8C9B-4216-A320-E24A9D77554E}.Release|Any CPU.ActiveCfg = Release|Any CPU
		{9BCC4501-8C9B-4216-A320-E24A9D77554E}.Release|Any CPU.Build.0 = Release|Any CPU
	EndGlobalSection
	GlobalSection(SolutionProperties) = preSolution
		HideSolutionNode = FALSE
	EndGlobalSection
	GlobalSection(ExtensibilityGlobals) = postSolution
		SolutionGuid = {711FFB8B-C46B-42F0-B8DB-B138C62DE295}
	EndGlobalSection
EndGlobal
